// !$*UTF8*$!
{
	archiveVersion = 1;
	classes = {
	};
	objectVersion = 46;
	objects = {

/* Begin PBXBuildFile section */
		9A7B20711572DDA300DB5C32 /* UIKit.framework in Frameworks */ = {isa = PBXBuildFile; fileRef = 9A7B20701572DDA300DB5C32 /* UIKit.framework */; };
		9A7B20731572DDA300DB5C32 /* Foundation.framework in Frameworks */ = {isa = PBXBuildFile; fileRef = 9A7B20721572DDA300DB5C32 /* Foundation.framework */; };
		9A7B20751572DDA300DB5C32 /* CoreGraphics.framework in Frameworks */ = {isa = PBXBuildFile; fileRef = 9A7B20741572DDA300DB5C32 /* CoreGraphics.framework */; };
		9A7B20771572DDA300DB5C32 /* GLKit.framework in Frameworks */ = {isa = PBXBuildFile; fileRef = 9A7B20761572DDA300DB5C32 /* GLKit.framework */; };
		9A7B20791572DDA300DB5C32 /* OpenGLES.framework in Frameworks */ = {isa = PBXBuildFile; fileRef = 9A7B20781572DDA300DB5C32 /* OpenGLES.framework */; };
		9A7B207F1572DDA400DB5C32 /* InfoPlist.strings in Resources */ = {isa = PBXBuildFile; fileRef = 9A7B207D1572DDA400DB5C32 /* InfoPlist.strings */; };
		9A7B20811572DDA400DB5C32 /* main.m in Sources */ = {isa = PBXBuildFile; fileRef = 9A7B20801572DDA400DB5C32 /* main.m */; };
		9A7B20851572DDA400DB5C32 /* AppDelegate.m in Sources */ = {isa = PBXBuildFile; fileRef = 9A7B20841572DDA400DB5C32 /* AppDelegate.m */; };
		9A7B20871572DDA400DB5C32 /* Shader.fsh in Resources */ = {isa = PBXBuildFile; fileRef = 9A7B20861572DDA400DB5C32 /* Shader.fsh */; };
		9A7B20891572DDA400DB5C32 /* Shader.vsh in Resources */ = {isa = PBXBuildFile; fileRef = 9A7B20881572DDA400DB5C32 /* Shader.vsh */; };
		9A7B208C1572DDA400DB5C32 /* ViewController.mm in Sources */ = {isa = PBXBuildFile; fileRef = 9A7B208B1572DDA400DB5C32 /* ViewController.mm */; };
		9A7B208F1572DDA400DB5C32 /* ViewController_iPhone.xib in Resources */ = {isa = PBXBuildFile; fileRef = 9A7B208D1572DDA400DB5C32 /* ViewController_iPhone.xib */; };
		9A7B20921572DDA400DB5C32 /* ViewController_iPad.xib in Resources */ = {isa = PBXBuildFile; fileRef = 9A7B20901572DDA400DB5C32 /* ViewController_iPad.xib */; };
/* End PBXBuildFile section */

/* Begin PBXFileReference section */
		9A7B206C1572DDA300DB5C32 /* VertShaderLighting.app */ = {isa = PBXFileReference; explicitFileType = wrapper.application; includeInIndex = 0; path = VertShaderLighting.app; sourceTree = BUILT_PRODUCTS_DIR; };
		9A7B20701572DDA300DB5C32 /* UIKit.framework */ = {isa = PBXFileReference; lastKnownFileType = wrapper.framework; name = UIKit.framework; path = System/Library/Frameworks/UIKit.framework; sourceTree = SDKROOT; };
		9A7B20721572DDA300DB5C32 /* Foundation.framework */ = {isa = PBXFileReference; lastKnownFileType = wrapper.framework; name = Foundation.framework; path = System/Library/Frameworks/Foundation.framework; sourceTree = SDKROOT; };
		9A7B20741572DDA300DB5C32 /* CoreGraphics.framework */ = {isa = PBXFileReference; lastKnownFileType = wrapper.framework; name = CoreGraphics.framework; path = System/Library/Frameworks/CoreGraphics.framework; sourceTree = SDKROOT; };
		9A7B20761572DDA300DB5C32 /* GLKit.framework */ = {isa = PBXFileReference; lastKnownFileType = wrapper.framework; name = GLKit.framework; path = System/Library/Frameworks/GLKit.framework; sourceTree = SDKROOT; };
		9A7B20781572DDA300DB5C32 /* OpenGLES.framework */ = {isa = PBXFileReference; lastKnownFileType = wrapper.framework; name = OpenGLES.framework; path = System/Library/Frameworks/OpenGLES.framework; sourceTree = SDKROOT; };
		9A7B207C1572DDA400DB5C32 /* VertShaderLighting-Info.plist */ = {isa = PBXFileReference; lastKnownFileType = text.plist.xml; path = "VertShaderLighting-Info.plist"; sourceTree = "<group>"; };
		9A7B207E1572DDA400DB5C32 /* en */ = {isa = PBXFileReference; lastKnownFileType = text.plist.strings; name = en; path = en.lproj/InfoPlist.strings; sourceTree = "<group>"; };
		9A7B20801572DDA400DB5C32 /* main.m */ = {isa = PBXFileReference; lastKnownFileType = sourcecode.c.objc; path = main.m; sourceTree = "<group>"; };
		9A7B20821572DDA400DB5C32 /* VertShaderLighting-Prefix.pch */ = {isa = PBXFileReference; lastKnownFileType = sourcecode.c.h; path = "VertShaderLighting-Prefix.pch"; sourceTree = "<group>"; };
		9A7B20831572DDA400DB5C32 /* AppDelegate.h */ = {isa = PBXFileReference; lastKnownFileType = sourcecode.c.h; path = AppDelegate.h; sourceTree = "<group>"; };
		9A7B20841572DDA400DB5C32 /* AppDelegate.m */ = {isa = PBXFileReference; lastKnownFileType = sourcecode.c.objc; path = AppDelegate.m; sourceTree = "<group>"; };
		9A7B20861572DDA400DB5C32 /* Shader.fsh */ = {isa = PBXFileReference; lastKnownFileType = sourcecode.glsl; name = Shader.fsh; path = Shaders/Shader.fsh; sourceTree = "<group>"; };
		9A7B20881572DDA400DB5C32 /* Shader.vsh */ = {isa = PBXFileReference; lastKnownFileType = sourcecode.glsl; name = Shader.vsh; path = Shaders/Shader.vsh; sourceTree = "<group>"; };
		9A7B208A1572DDA400DB5C32 /* ViewController.h */ = {isa = PBXFileReference; lastKnownFileType = sourcecode.c.h; path = ViewController.h; sourceTree = "<group>"; };
		9A7B208B1572DDA400DB5C32 /* ViewController.mm */ = {isa = PBXFileReference; lastKnownFileType = sourcecode.cpp.objcpp; path = ViewController.mm; sourceTree = "<group>"; };
		9A7B208E1572DDA400DB5C32 /* en */ = {isa = PBXFileReference; lastKnownFileType = file.xib; name = en; path = en.lproj/ViewController_iPhone.xib; sourceTree = "<group>"; };
		9A7B20911572DDA400DB5C32 /* en */ = {isa = PBXFileReference; lastKnownFileType = file.xib; name = en; path = en.lproj/ViewController_iPad.xib; sourceTree = "<group>"; };
/* End PBXFileReference section */

/* Begin PBXFrameworksBuildPhase section */
		9A7B20691572DDA300DB5C32 /* Frameworks */ = {
			isa = PBXFrameworksBuildPhase;
			buildActionMask = 2147483647;
			files = (
				9A7B20711572DDA300DB5C32 /* UIKit.framework in Frameworks */,
				9A7B20731572DDA300DB5C32 /* Foundation.framework in Frameworks */,
				9A7B20751572DDA300DB5C32 /* CoreGraphics.framework in Frameworks */,
				9A7B20771572DDA300DB5C32 /* GLKit.framework in Frameworks */,
				9A7B20791572DDA300DB5C32 /* OpenGLES.framework in Frameworks */,
			);
			runOnlyForDeploymentPostprocessing = 0;
		};
/* End PBXFrameworksBuildPhase section */

/* Begin PBXGroup section */
		9A7B20611572DDA300DB5C32 = {
			isa = PBXGroup;
			children = (
				9A7B207A1572DDA400DB5C32 /* VertShaderLighting */,
				9A7B206F1572DDA300DB5C32 /* Frameworks */,
				9A7B206D1572DDA300DB5C32 /* Products */,
			);
			sourceTree = "<group>";
		};
		9A7B206D1572DDA300DB5C32 /* Products */ = {
			isa = PBXGroup;
			children = (
				9A7B206C1572DDA300DB5C32 /* VertShaderLighting.app */,
			);
			name = Products;
			sourceTree = "<group>";
		};
		9A7B206F1572DDA300DB5C32 /* Frameworks */ = {
			isa = PBXGroup;
			children = (
				9A7B20701572DDA300DB5C32 /* UIKit.framework */,
				9A7B20721572DDA300DB5C32 /* Foundation.framework */,
				9A7B20741572DDA300DB5C32 /* CoreGraphics.framework */,
				9A7B20761572DDA300DB5C32 /* GLKit.framework */,
				9A7B20781572DDA300DB5C32 /* OpenGLES.framework */,
			);
			name = Frameworks;
			sourceTree = "<group>";
		};
		9A7B207A1572DDA400DB5C32 /* VertShaderLighting */ = {
			isa = PBXGroup;
			children = (
				9A7B20831572DDA400DB5C32 /* AppDelegate.h */,
				9A7B20841572DDA400DB5C32 /* AppDelegate.m */,
				9A7B20861572DDA400DB5C32 /* Shader.fsh */,
				9A7B20881572DDA400DB5C32 /* Shader.vsh */,
				9A7B208A1572DDA400DB5C32 /* ViewController.h */,
				9A7B208B1572DDA400DB5C32 /* ViewController.mm */,
				9A7B208D1572DDA400DB5C32 /* ViewController_iPhone.xib */,
				9A7B20901572DDA400DB5C32 /* ViewController_iPad.xib */,
				9A7B207B1572DDA400DB5C32 /* Supporting Files */,
			);
			path = VertShaderLighting;
			sourceTree = "<group>";
		};
		9A7B207B1572DDA400DB5C32 /* Supporting Files */ = {
			isa = PBXGroup;
			children = (
				9A7B207C1572DDA400DB5C32 /* VertShaderLighting-Info.plist */,
				9A7B207D1572DDA400DB5C32 /* InfoPlist.strings */,
				9A7B20801572DDA400DB5C32 /* main.m */,
				9A7B20821572DDA400DB5C32 /* VertShaderLighting-Prefix.pch */,
			);
			name = "Supporting Files";
			sourceTree = "<group>";
		};
/* End PBXGroup section */

/* Begin PBXNativeTarget section */
		9A7B206B1572DDA300DB5C32 /* VertShaderLighting */ = {
			isa = PBXNativeTarget;
			buildConfigurationList = 9A7B20951572DDA400DB5C32 /* Build configuration list for PBXNativeTarget "VertShaderLighting" */;
			buildPhases = (
				9A7B20681572DDA300DB5C32 /* Sources */,
				9A7B20691572DDA300DB5C32 /* Frameworks */,
				9A7B206A1572DDA300DB5C32 /* Resources */,
			);
			buildRules = (
			);
			dependencies = (
			);
			name = VertShaderLighting;
			productName = VertShaderLighting;
			productReference = 9A7B206C1572DDA300DB5C32 /* VertShaderLighting.app */;
			productType = "com.apple.product-type.application";
		};
/* End PBXNativeTarget section */

/* Begin PBXProject section */
		9A7B20631572DDA300DB5C32 /* Project object */ = {
			isa = PBXProject;
			attributes = {
				LastUpgradeCheck = 0420;
			};
			buildConfigurationList = 9A7B20661572DDA300DB5C32 /* Build configuration list for PBXProject "VertShaderLighting" */;
			compatibilityVersion = "Xcode 3.2";
			developmentRegion = English;
			hasScannedForEncodings = 0;
			knownRegions = (
				en,
			);
			mainGroup = 9A7B20611572DDA300DB5C32;
			productRefGroup = 9A7B206D1572DDA300DB5C32 /* Products */;
			projectDirPath = "";
			projectRoot = "";
			targets = (
				9A7B206B1572DDA300DB5C32 /* VertShaderLighting */,
			);
		};
/* End PBXProject section */

/* Begin PBXResourcesBuildPhase section */
		9A7B206A1572DDA300DB5C32 /* Resources */ = {
			isa = PBXResourcesBuildPhase;
			buildActionMask = 2147483647;
			files = (
				9A7B207F1572DDA400DB5C32 /* InfoPlist.strings in Resources */,
				9A7B20871572DDA400DB5C32 /* Shader.fsh in Resources */,
				9A7B20891572DDA400DB5C32 /* Shader.vsh in Resources */,
				9A7B208F1572DDA400DB5C32 /* ViewController_iPhone.xib in Resources */,
				9A7B20921572DDA400DB5C32 /* ViewController_iPad.xib in Resources */,
			);
			runOnlyForDeploymentPostprocessing = 0;
		};
/* End PBXResourcesBuildPhase section */

/* Begin PBXSourcesBuildPhase section */
		9A7B20681572DDA300DB5C32 /* Sources */ = {
			isa = PBXSourcesBuildPhase;
			buildActionMask = 2147483647;
			files = (
				9A7B20811572DDA400DB5C32 /* main.m in Sources */,
				9A7B20851572DDA400DB5C32 /* AppDelegate.m in Sources */,
				9A7B208C1572DDA400DB5C32 /* ViewController.mm in Sources */,
			);
			runOnlyForDeploymentPostprocessing = 0;
		};
/* End PBXSourcesBuildPhase section */

/* Begin PBXVariantGroup section */
		9A7B207D1572DDA400DB5C32 /* InfoPlist.strings */ = {
			isa = PBXVariantGroup;
			children = (
				9A7B207E1572DDA400DB5C32 /* en */,
			);
			name = InfoPlist.strings;
			sourceTree = "<group>";
		};
		9A7B208D1572DDA400DB5C32 /* ViewController_iPhone.xib */ = {
			isa = PBXVariantGroup;
			children = (
				9A7B208E1572DDA400DB5C32 /* en */,
			);
			name = ViewController_iPhone.xib;
			sourceTree = "<group>";
		};
		9A7B20901572DDA400DB5C32 /* ViewController_iPad.xib */ = {
			isa = PBXVariantGroup;
			children = (
				9A7B20911572DDA400DB5C32 /* en */,
			);
			name = ViewController_iPad.xib;
			sourceTree = "<group>";
		};
/* End PBXVariantGroup section */

/* Begin XCBuildConfiguration section */
		9A7B20931572DDA400DB5C32 /* Debug */ = {
			isa = XCBuildConfiguration;
			buildSettings = {
				ALWAYS_SEARCH_USER_PATHS = NO;
				ARCHS = "$(ARCHS_STANDARD_32_BIT)";
				CLANG_ENABLE_OBJC_ARC = YES;
				"CODE_SIGN_IDENTITY[sdk=iphoneos*]" = "iPhone Developer";
				COPY_PHASE_STRIP = NO;
				GCC_C_LANGUAGE_STANDARD = gnu99;
				GCC_DYNAMIC_NO_PIC = NO;
				GCC_OPTIMIZATION_LEVEL = 0;
				GCC_PREPROCESSOR_DEFINITIONS = (
					"DEBUG=1",
					"$(inherited)",
				);
				GCC_SYMBOLS_PRIVATE_EXTERN = NO;
				GCC_VERSION = com.apple.compilers.llvm.clang.1_0;
				GCC_WARN_ABOUT_MISSING_PROTOTYPES = YES;
				GCC_WARN_ABOUT_RETURN_TYPE = YES;
				GCC_WARN_UNUSED_VARIABLE = YES;
				IPHONEOS_DEPLOYMENT_TARGET = 5.0;
				SDKROOT = iphoneos;
				TARGETED_DEVICE_FAMILY = "1,2";
			};
			name = Debug;
		};
		9A7B20941572DDA400DB5C32 /* Release */ = {
			isa = XCBuildConfiguration;
			buildSettings = {
				ALWAYS_SEARCH_USER_PATHS = NO;
				ARCHS = "$(ARCHS_STANDARD_32_BIT)";
				CLANG_ENABLE_OBJC_ARC = YES;
				"CODE_SIGN_IDENTITY[sdk=iphoneos*]" = "iPhone Developer";
				COPY_PHASE_STRIP = YES;
				GCC_C_LANGUAGE_STANDARD = gnu99;
				GCC_VERSION = com.apple.compilers.llvm.clang.1_0;
				GCC_WARN_ABOUT_MISSING_PROTOTYPES = YES;
				GCC_WARN_ABOUT_RETURN_TYPE = YES;
				GCC_WARN_UNUSED_VARIABLE = YES;
				IPHONEOS_DEPLOYMENT_TARGET = 5.0;
				OTHER_CFLAGS = "-DNS_BLOCK_ASSERTIONS=1";
				SDKROOT = iphoneos;
				TARGETED_DEVICE_FAMILY = "1,2";
				VALIDATE_PRODUCT = YES;
			};
			name = Release;
		};
		9A7B20961572DDA400DB5C32 /* Debug */ = {
			isa = XCBuildConfiguration;
			buildSettings = {
				GCC_PRECOMPILE_PREFIX_HEADER = YES;
				GCC_PREFIX_HEADER = "VertShaderLighting/VertShaderLighting-Prefix.pch";
				"GCC_THUMB_SUPPORT[arch=armv6]" = "";
				INFOPLIST_FILE = "VertShaderLighting/VertShaderLighting-Info.plist";
				PRODUCT_NAME = "$(TARGET_NAME)";
				WRAPPER_EXTENSION = app;
			};
			name = Debug;
		};
		9A7B20971572DDA400DB5C32 /* Release */ = {
			isa = XCBuildConfiguration;
			buildSettings = {
				GCC_PRECOMPILE_PREFIX_HEADER = YES;
				GCC_PREFIX_HEADER = "VertShaderLighting/VertShaderLighting-Prefix.pch";
				"GCC_THUMB_SUPPORT[arch=armv6]" = "";
				INFOPLIST_FILE = "VertShaderLighting/VertShaderLighting-Info.plist";
				PRODUCT_NAME = "$(TARGET_NAME)";
				WRAPPER_EXTENSION = app;
			};
			name = Release;
		};
/* End XCBuildConfiguration section */

/* Begin XCConfigurationList section */
		9A7B20661572DDA300DB5C32 /* Build configuration list for PBXProject "VertShaderLighting" */ = {
			isa = XCConfigurationList;
			buildConfigurations = (
				9A7B20931572DDA400DB5C32 /* Debug */,
				9A7B20941572DDA400DB5C32 /* Release */,
			);
			defaultConfigurationIsVisible = 0;
			defaultConfigurationName = Release;
		};
		9A7B20951572DDA400DB5C32 /* Build configuration list for PBXNativeTarget "VertShaderLighting" */ = {
			isa = XCConfigurationList;
			buildConfigurations = (
				9A7B20961572DDA400DB5C32 /* Debug */,
				9A7B20971572DDA400DB5C32 /* Release */,
			);
			defaultConfigurationIsVisible = 0;
		};
/* End XCConfigurationList section */
	};
	rootObject = 9A7B20631572DDA300DB5C32 /* Project object */;
}
