// !$*UTF8*$!
{
	archiveVersion = 1;
	classes = {
	};
	objectVersion = 46;
	objects = {

/* Begin PBXBuildFile section */
		9A1E9B46155744B50087F9F0 /* UIKit.framework in Frameworks */ = {isa = PBXBuildFile; fileRef = 9A1E9B45155744B50087F9F0 /* UIKit.framework */; };
		9A1E9B48155744B50087F9F0 /* Foundation.framework in Frameworks */ = {isa = PBXBuildFile; fileRef = 9A1E9B47155744B50087F9F0 /* Foundation.framework */; };
		9A1E9B4A155744B50087F9F0 /* CoreGraphics.framework in Frameworks */ = {isa = PBXBuildFile; fileRef = 9A1E9B49155744B50087F9F0 /* CoreGraphics.framework */; };
		9A1E9B4C155744B50087F9F0 /* GLKit.framework in Frameworks */ = {isa = PBXBuildFile; fileRef = 9A1E9B4B155744B50087F9F0 /* GLKit.framework */; };
		9A1E9B4E155744B50087F9F0 /* OpenGLES.framework in Frameworks */ = {isa = PBXBuildFile; fileRef = 9A1E9B4D155744B50087F9F0 /* OpenGLES.framework */; };
		9A1E9B54155744B50087F9F0 /* InfoPlist.strings in Resources */ = {isa = PBXBuildFile; fileRef = 9A1E9B52155744B50087F9F0 /* InfoPlist.strings */; };
		9A1E9B56155744B50087F9F0 /* main.m in Sources */ = {isa = PBXBuildFile; fileRef = 9A1E9B55155744B50087F9F0 /* main.m */; };
		9A1E9B5A155744B50087F9F0 /* AppDelegate.mm in Sources */ = {isa = PBXBuildFile; fileRef = 9A1E9B59155744B50087F9F0 /* AppDelegate.mm */; };
		9A1E9B5C155744B50087F9F0 /* Shader.fsh in Resources */ = {isa = PBXBuildFile; fileRef = 9A1E9B5B155744B50087F9F0 /* Shader.fsh */; };
		9A1E9B5E155744B50087F9F0 /* Shader.vsh in Resources */ = {isa = PBXBuildFile; fileRef = 9A1E9B5D155744B50087F9F0 /* Shader.vsh */; };
		9A1E9B61155744B50087F9F0 /* ViewController.mm in Sources */ = {isa = PBXBuildFile; fileRef = 9A1E9B60155744B50087F9F0 /* ViewController.mm */; };
		9A1E9B64155744B50087F9F0 /* ViewController_iPhone.xib in Resources */ = {isa = PBXBuildFile; fileRef = 9A1E9B62155744B50087F9F0 /* ViewController_iPhone.xib */; };
		9A1E9B67155744B50087F9F0 /* ViewController_iPad.xib in Resources */ = {isa = PBXBuildFile; fileRef = 9A1E9B65155744B50087F9F0 /* ViewController_iPad.xib */; };
/* End PBXBuildFile section */

/* Begin PBXFileReference section */
		9A1E9B41155744B50087F9F0 /* Perspective Projection.app */ = {isa = PBXFileReference; explicitFileType = wrapper.application; includeInIndex = 0; path = "Perspective Projection.app"; sourceTree = BUILT_PRODUCTS_DIR; };
		9A1E9B45155744B50087F9F0 /* UIKit.framework */ = {isa = PBXFileReference; lastKnownFileType = wrapper.framework; name = UIKit.framework; path = System/Library/Frameworks/UIKit.framework; sourceTree = SDKROOT; };
		9A1E9B47155744B50087F9F0 /* Foundation.framework */ = {isa = PBXFileReference; lastKnownFileType = wrapper.framework; name = Foundation.framework; path = System/Library/Frameworks/Foundation.framework; sourceTree = SDKROOT; };
		9A1E9B49155744B50087F9F0 /* CoreGraphics.framework */ = {isa = PBXFileReference; lastKnownFileType = wrapper.framework; name = CoreGraphics.framework; path = System/Library/Frameworks/CoreGraphics.framework; sourceTree = SDKROOT; };
		9A1E9B4B155744B50087F9F0 /* GLKit.framework */ = {isa = PBXFileReference; lastKnownFileType = wrapper.framework; name = GLKit.framework; path = System/Library/Frameworks/GLKit.framework; sourceTree = SDKROOT; };
		9A1E9B4D155744B50087F9F0 /* OpenGLES.framework */ = {isa = PBXFileReference; lastKnownFileType = wrapper.framework; name = OpenGLES.framework; path = System/Library/Frameworks/OpenGLES.framework; sourceTree = SDKROOT; };
		9A1E9B51155744B50087F9F0 /* Perspective Projection-Info.plist */ = {isa = PBXFileReference; lastKnownFileType = text.plist.xml; path = "Perspective Projection-Info.plist"; sourceTree = "<group>"; };
		9A1E9B53155744B50087F9F0 /* en */ = {isa = PBXFileReference; lastKnownFileType = text.plist.strings; name = en; path = en.lproj/InfoPlist.strings; sourceTree = "<group>"; };
		9A1E9B55155744B50087F9F0 /* main.m */ = {isa = PBXFileReference; lastKnownFileType = sourcecode.c.objc; path = main.m; sourceTree = "<group>"; };
		9A1E9B57155744B50087F9F0 /* Perspective Projection-Prefix.pch */ = {isa = PBXFileReference; lastKnownFileType = sourcecode.c.h; path = "Perspective Projection-Prefix.pch"; sourceTree = "<group>"; };
		9A1E9B58155744B50087F9F0 /* AppDelegate.h */ = {isa = PBXFileReference; lastKnownFileType = sourcecode.c.h; path = AppDelegate.h; sourceTree = "<group>"; };
		9A1E9B59155744B50087F9F0 /* AppDelegate.mm */ = {isa = PBXFileReference; lastKnownFileType = sourcecode.cpp.objcpp; path = AppDelegate.mm; sourceTree = "<group>"; };
		9A1E9B5B155744B50087F9F0 /* Shader.fsh */ = {isa = PBXFileReference; lastKnownFileType = sourcecode.glsl; name = Shader.fsh; path = Shaders/Shader.fsh; sourceTree = "<group>"; };
		9A1E9B5D155744B50087F9F0 /* Shader.vsh */ = {isa = PBXFileReference; lastKnownFileType = sourcecode.glsl; name = Shader.vsh; path = Shaders/Shader.vsh; sourceTree = "<group>"; };
		9A1E9B5F155744B50087F9F0 /* ViewController.h */ = {isa = PBXFileReference; lastKnownFileType = sourcecode.c.h; path = ViewController.h; sourceTree = "<group>"; };
		9A1E9B60155744B50087F9F0 /* ViewController.mm */ = {isa = PBXFileReference; lastKnownFileType = sourcecode.cpp.objcpp; path = ViewController.mm; sourceTree = "<group>"; };
		9A1E9B63155744B50087F9F0 /* en */ = {isa = PBXFileReference; lastKnownFileType = file.xib; name = en; path = en.lproj/ViewController_iPhone.xib; sourceTree = "<group>"; };
		9A1E9B66155744B50087F9F0 /* en */ = {isa = PBXFileReference; lastKnownFileType = file.xib; name = en; path = en.lproj/ViewController_iPad.xib; sourceTree = "<group>"; };
		9A8ED2FE1557492500D4AA5A /* Angel.h */ = {isa = PBXFileReference; fileEncoding = 4; lastKnownFileType = sourcecode.c.h; path = Angel.h; sourceTree = "<group>"; };
		9A8ED3011557556200D4AA5A /* mat.h */ = {isa = PBXFileReference; fileEncoding = 4; lastKnownFileType = sourcecode.c.h; path = mat.h; sourceTree = "<group>"; };
/* End PBXFileReference section */

/* Begin PBXFrameworksBuildPhase section */
		9A1E9B3E155744B50087F9F0 /* Frameworks */ = {
			isa = PBXFrameworksBuildPhase;
			buildActionMask = 2147483647;
			files = (
				9A1E9B46155744B50087F9F0 /* UIKit.framework in Frameworks */,
				9A1E9B48155744B50087F9F0 /* Foundation.framework in Frameworks */,
				9A1E9B4A155744B50087F9F0 /* CoreGraphics.framework in Frameworks */,
				9A1E9B4C155744B50087F9F0 /* GLKit.framework in Frameworks */,
				9A1E9B4E155744B50087F9F0 /* OpenGLES.framework in Frameworks */,
			);
			runOnlyForDeploymentPostprocessing = 0;
		};
/* End PBXFrameworksBuildPhase section */

/* Begin PBXGroup section */
		9A1E9B36155744B40087F9F0 = {
			isa = PBXGroup;
			children = (
				9A1E9B4F155744B50087F9F0 /* Perspective Projection */,
				9A1E9B44155744B50087F9F0 /* Frameworks */,
				9A1E9B42155744B50087F9F0 /* Products */,
			);
			sourceTree = "<group>";
		};
		9A1E9B42155744B50087F9F0 /* Products */ = {
			isa = PBXGroup;
			children = (
				9A1E9B41155744B50087F9F0 /* Perspective Projection.app */,
			);
			name = Products;
			sourceTree = "<group>";
		};
		9A1E9B44155744B50087F9F0 /* Frameworks */ = {
			isa = PBXGroup;
			children = (
				9A1E9B45155744B50087F9F0 /* UIKit.framework */,
				9A1E9B47155744B50087F9F0 /* Foundation.framework */,
				9A1E9B49155744B50087F9F0 /* CoreGraphics.framework */,
				9A1E9B4B155744B50087F9F0 /* GLKit.framework */,
				9A1E9B4D155744B50087F9F0 /* OpenGLES.framework */,
			);
			name = Frameworks;
			sourceTree = "<group>";
		};
		9A1E9B4F155744B50087F9F0 /* Perspective Projection */ = {
			isa = PBXGroup;
			children = (
				9A8ED2FE1557492500D4AA5A /* Angel.h */,
				9A1E9B58155744B50087F9F0 /* AppDelegate.h */,
				9A1E9B59155744B50087F9F0 /* AppDelegate.mm */,
				9A1E9B5B155744B50087F9F0 /* Shader.fsh */,
				9A1E9B5D155744B50087F9F0 /* Shader.vsh */,
				9A1E9B5F155744B50087F9F0 /* ViewController.h */,
				9A1E9B60155744B50087F9F0 /* ViewController.mm */,
				9A1E9B62155744B50087F9F0 /* ViewController_iPhone.xib */,
				9A1E9B65155744B50087F9F0 /* ViewController_iPad.xib */,
				9A1E9B50155744B50087F9F0 /* Supporting Files */,
				9A8ED3011557556200D4AA5A /* mat.h */,
			);
			path = "Perspective Projection";
			sourceTree = "<group>";
		};
		9A1E9B50155744B50087F9F0 /* Supporting Files */ = {
			isa = PBXGroup;
			children = (
				9A1E9B51155744B50087F9F0 /* Perspective Projection-Info.plist */,
				9A1E9B52155744B50087F9F0 /* InfoPlist.strings */,
				9A1E9B55155744B50087F9F0 /* main.m */,
				9A1E9B57155744B50087F9F0 /* Perspective Projection-Prefix.pch */,
			);
			name = "Supporting Files";
			sourceTree = "<group>";
		};
/* End PBXGroup section */

/* Begin PBXNativeTarget section */
		9A1E9B40155744B50087F9F0 /* Perspective Projection */ = {
			isa = PBXNativeTarget;
			buildConfigurationList = 9A1E9B6A155744B50087F9F0 /* Build configuration list for PBXNativeTarget "Perspective Projection" */;
			buildPhases = (
				9A1E9B3D155744B50087F9F0 /* Sources */,
				9A1E9B3E155744B50087F9F0 /* Frameworks */,
				9A1E9B3F155744B50087F9F0 /* Resources */,
			);
			buildRules = (
			);
			dependencies = (
			);
			name = "Perspective Projection";
			productName = "Perspective Projection";
			productReference = 9A1E9B41155744B50087F9F0 /* Perspective Projection.app */;
			productType = "com.apple.product-type.application";
		};
/* End PBXNativeTarget section */

/* Begin PBXProject section */
		9A1E9B38155744B40087F9F0 /* Project object */ = {
			isa = PBXProject;
			attributes = {
				LastUpgradeCheck = 0420;
			};
			buildConfigurationList = 9A1E9B3B155744B40087F9F0 /* Build configuration list for PBXProject "Perspective Projection" */;
			compatibilityVersion = "Xcode 3.2";
			developmentRegion = English;
			hasScannedForEncodings = 0;
			knownRegions = (
				en,
			);
			mainGroup = 9A1E9B36155744B40087F9F0;
			productRefGroup = 9A1E9B42155744B50087F9F0 /* Products */;
			projectDirPath = "";
			projectRoot = "";
			targets = (
				9A1E9B40155744B50087F9F0 /* Perspective Projection */,
			);
		};
/* End PBXProject section */

/* Begin PBXResourcesBuildPhase section */
		9A1E9B3F155744B50087F9F0 /* Resources */ = {
			isa = PBXResourcesBuildPhase;
			buildActionMask = 2147483647;
			files = (
				9A1E9B54155744B50087F9F0 /* InfoPlist.strings in Resources */,
				9A1E9B5C155744B50087F9F0 /* Shader.fsh in Resources */,
				9A1E9B5E155744B50087F9F0 /* Shader.vsh in Resources */,
				9A1E9B64155744B50087F9F0 /* ViewController_iPhone.xib in Resources */,
				9A1E9B67155744B50087F9F0 /* ViewController_iPad.xib in Resources */,
			);
			runOnlyForDeploymentPostprocessing = 0;
		};
/* End PBXResourcesBuildPhase section */

/* Begin PBXSourcesBuildPhase section */
		9A1E9B3D155744B50087F9F0 /* Sources */ = {
			isa = PBXSourcesBuildPhase;
			buildActionMask = 2147483647;
			files = (
				9A1E9B56155744B50087F9F0 /* main.m in Sources */,
				9A1E9B5A155744B50087F9F0 /* AppDelegate.mm in Sources */,
				9A1E9B61155744B50087F9F0 /* ViewController.mm in Sources */,
			);
			runOnlyForDeploymentPostprocessing = 0;
		};
/* End PBXSourcesBuildPhase section */

/* Begin PBXVariantGroup section */
		9A1E9B52155744B50087F9F0 /* InfoPlist.strings */ = {
			isa = PBXVariantGroup;
			children = (
				9A1E9B53155744B50087F9F0 /* en */,
			);
			name = InfoPlist.strings;
			sourceTree = "<group>";
		};
		9A1E9B62155744B50087F9F0 /* ViewController_iPhone.xib */ = {
			isa = PBXVariantGroup;
			children = (
				9A1E9B63155744B50087F9F0 /* en */,
			);
			name = ViewController_iPhone.xib;
			sourceTree = "<group>";
		};
		9A1E9B65155744B50087F9F0 /* ViewController_iPad.xib */ = {
			isa = PBXVariantGroup;
			children = (
				9A1E9B66155744B50087F9F0 /* en */,
			);
			name = ViewController_iPad.xib;
			sourceTree = "<group>";
		};
/* End PBXVariantGroup section */

/* Begin XCBuildConfiguration section */
		9A1E9B68155744B50087F9F0 /* Debug */ = {
			isa = XCBuildConfiguration;
			buildSettings = {
				ALWAYS_SEARCH_USER_PATHS = NO;
				ARCHS = "$(ARCHS_STANDARD_32_BIT)";
				CLANG_ENABLE_OBJC_ARC = YES;
				"CODE_SIGN_IDENTITY[sdk=iphoneos*]" = "iPhone Developer";
				COPY_PHASE_STRIP = NO;
				GCC_C_LANGUAGE_STANDARD = gnu99;
				GCC_DYNAMIC_NO_PIC = NO;
				GCC_OPTIMIZATION_LEVEL = 0;
				GCC_PREPROCESSOR_DEFINITIONS = (
					"DEBUG=1",
					"$(inherited)",
				);
				GCC_SYMBOLS_PRIVATE_EXTERN = NO;
				GCC_VERSION = com.apple.compilers.llvm.clang.1_0;
				GCC_WARN_ABOUT_MISSING_PROTOTYPES = YES;
				GCC_WARN_ABOUT_RETURN_TYPE = YES;
				GCC_WARN_UNUSED_VARIABLE = YES;
				IPHONEOS_DEPLOYMENT_TARGET = 5.0;
				SDKROOT = iphoneos;
				TARGETED_DEVICE_FAMILY = "1,2";
			};
			name = Debug;
		};
		9A1E9B69155744B50087F9F0 /* Release */ = {
			isa = XCBuildConfiguration;
			buildSettings = {
				ALWAYS_SEARCH_USER_PATHS = NO;
				ARCHS = "$(ARCHS_STANDARD_32_BIT)";
				CLANG_ENABLE_OBJC_ARC = YES;
				"CODE_SIGN_IDENTITY[sdk=iphoneos*]" = "iPhone Developer";
				COPY_PHASE_STRIP = YES;
				GCC_C_LANGUAGE_STANDARD = gnu99;
				GCC_VERSION = com.apple.compilers.llvm.clang.1_0;
				GCC_WARN_ABOUT_MISSING_PROTOTYPES = YES;
				GCC_WARN_ABOUT_RETURN_TYPE = YES;
				GCC_WARN_UNUSED_VARIABLE = YES;
				IPHONEOS_DEPLOYMENT_TARGET = 5.0;
				OTHER_CFLAGS = "-DNS_BLOCK_ASSERTIONS=1";
				SDKROOT = iphoneos;
				TARGETED_DEVICE_FAMILY = "1,2";
				VALIDATE_PRODUCT = YES;
			};
			name = Release;
		};
		9A1E9B6B155744B50087F9F0 /* Debug */ = {
			isa = XCBuildConfiguration;
			buildSettings = {
				GCC_PRECOMPILE_PREFIX_HEADER = YES;
				GCC_PREFIX_HEADER = "Perspective Projection/Perspective Projection-Prefix.pch";
				"GCC_THUMB_SUPPORT[arch=armv6]" = "";
				INFOPLIST_FILE = "Perspective Projection/Perspective Projection-Info.plist";
				PRODUCT_NAME = "$(TARGET_NAME)";
				WRAPPER_EXTENSION = app;
			};
			name = Debug;
		};
		9A1E9B6C155744B50087F9F0 /* Release */ = {
			isa = XCBuildConfiguration;
			buildSettings = {
				GCC_PRECOMPILE_PREFIX_HEADER = YES;
				GCC_PREFIX_HEADER = "Perspective Projection/Perspective Projection-Prefix.pch";
				"GCC_THUMB_SUPPORT[arch=armv6]" = "";
				INFOPLIST_FILE = "Perspective Projection/Perspective Projection-Info.plist";
				PRODUCT_NAME = "$(TARGET_NAME)";
				WRAPPER_EXTENSION = app;
			};
			name = Release;
		};
/* End XCBuildConfiguration section */

/* Begin XCConfigurationList section */
		9A1E9B3B155744B40087F9F0 /* Build configuration list for PBXProject "Perspective Projection" */ = {
			isa = XCConfigurationList;
			buildConfigurations = (
				9A1E9B68155744B50087F9F0 /* Debug */,
				9A1E9B69155744B50087F9F0 /* Release */,
			);
			defaultConfigurationIsVisible = 0;
			defaultConfigurationName = Release;
		};
		9A1E9B6A155744B50087F9F0 /* Build configuration list for PBXNativeTarget "Perspective Projection" */ = {
			isa = XCConfigurationList;
			buildConfigurations = (
				9A1E9B6B155744B50087F9F0 /* Debug */,
				9A1E9B6C155744B50087F9F0 /* Release */,
			);
			defaultConfigurationIsVisible = 0;
			defaultConfigurationName = Release;
		};
/* End XCConfigurationList section */
	};
	rootObject = 9A1E9B38155744B40087F9F0 /* Project object */;
}
