// !$*UTF8*$!
{
	archiveVersion = 1;
	classes = {
	};
	objectVersion = 46;
	objects = {

/* Begin PBXBuildFile section */
		9A0EE3251560A0E600E28C25 /* UIKit.framework in Frameworks */ = {isa = PBXBuildFile; fileRef = 9A0EE3241560A0E600E28C25 /* UIKit.framework */; };
		9A0EE3271560A0E600E28C25 /* Foundation.framework in Frameworks */ = {isa = PBXBuildFile; fileRef = 9A0EE3261560A0E600E28C25 /* Foundation.framework */; };
		9A0EE3291560A0E600E28C25 /* CoreGraphics.framework in Frameworks */ = {isa = PBXBuildFile; fileRef = 9A0EE3281560A0E600E28C25 /* CoreGraphics.framework */; };
		9A0EE32B1560A0E600E28C25 /* GLKit.framework in Frameworks */ = {isa = PBXBuildFile; fileRef = 9A0EE32A1560A0E600E28C25 /* GLKit.framework */; };
		9A0EE32D1560A0E600E28C25 /* OpenGLES.framework in Frameworks */ = {isa = PBXBuildFile; fileRef = 9A0EE32C1560A0E600E28C25 /* OpenGLES.framework */; };
		9A0EE3331560A0E600E28C25 /* InfoPlist.strings in Resources */ = {isa = PBXBuildFile; fileRef = 9A0EE3311560A0E600E28C25 /* InfoPlist.strings */; };
		9A0EE3351560A0E600E28C25 /* main.m in Sources */ = {isa = PBXBuildFile; fileRef = 9A0EE3341560A0E600E28C25 /* main.m */; };
		9A0EE3391560A0E600E28C25 /* AppDelegate.m in Sources */ = {isa = PBXBuildFile; fileRef = 9A0EE3381560A0E600E28C25 /* AppDelegate.m */; };
		9A0EE33B1560A0E600E28C25 /* Shader.fsh in Resources */ = {isa = PBXBuildFile; fileRef = 9A0EE33A1560A0E600E28C25 /* Shader.fsh */; };
		9A0EE33D1560A0E600E28C25 /* Shader.vsh in Resources */ = {isa = PBXBuildFile; fileRef = 9A0EE33C1560A0E600E28C25 /* Shader.vsh */; };
		9A0EE3431560A0E600E28C25 /* ViewController_iPhone.xib in Resources */ = {isa = PBXBuildFile; fileRef = 9A0EE3411560A0E600E28C25 /* ViewController_iPhone.xib */; };
		9A0EE3461560A0E600E28C25 /* ViewController_iPad.xib in Resources */ = {isa = PBXBuildFile; fileRef = 9A0EE3441560A0E600E28C25 /* ViewController_iPad.xib */; };
		9A0EE34D1560A60700E28C25 /* honolulu.raw in Resources */ = {isa = PBXBuildFile; fileRef = 9A0EE34C1560A60700E28C25 /* honolulu.raw */; };
		9A0EE34F1560A69000E28C25 /* ViewController.mm in Sources */ = {isa = PBXBuildFile; fileRef = 9A0EE34E1560A69000E28C25 /* ViewController.mm */; };
/* End PBXBuildFile section */

/* Begin PBXFileReference section */
		9A0EE3201560A0E600E28C25 /* SurfaceMesh.app */ = {isa = PBXFileReference; explicitFileType = wrapper.application; includeInIndex = 0; path = SurfaceMesh.app; sourceTree = BUILT_PRODUCTS_DIR; };
		9A0EE3241560A0E600E28C25 /* UIKit.framework */ = {isa = PBXFileReference; lastKnownFileType = wrapper.framework; name = UIKit.framework; path = System/Library/Frameworks/UIKit.framework; sourceTree = SDKROOT; };
		9A0EE3261560A0E600E28C25 /* Foundation.framework */ = {isa = PBXFileReference; lastKnownFileType = wrapper.framework; name = Foundation.framework; path = System/Library/Frameworks/Foundation.framework; sourceTree = SDKROOT; };
		9A0EE3281560A0E600E28C25 /* CoreGraphics.framework */ = {isa = PBXFileReference; lastKnownFileType = wrapper.framework; name = CoreGraphics.framework; path = System/Library/Frameworks/CoreGraphics.framework; sourceTree = SDKROOT; };
		9A0EE32A1560A0E600E28C25 /* GLKit.framework */ = {isa = PBXFileReference; lastKnownFileType = wrapper.framework; name = GLKit.framework; path = System/Library/Frameworks/GLKit.framework; sourceTree = SDKROOT; };
		9A0EE32C1560A0E600E28C25 /* OpenGLES.framework */ = {isa = PBXFileReference; lastKnownFileType = wrapper.framework; name = OpenGLES.framework; path = System/Library/Frameworks/OpenGLES.framework; sourceTree = SDKROOT; };
		9A0EE3301560A0E600E28C25 /* SurfaceMesh-Info.plist */ = {isa = PBXFileReference; lastKnownFileType = text.plist.xml; path = "SurfaceMesh-Info.plist"; sourceTree = "<group>"; };
		9A0EE3321560A0E600E28C25 /* en */ = {isa = PBXFileReference; lastKnownFileType = text.plist.strings; name = en; path = en.lproj/InfoPlist.strings; sourceTree = "<group>"; };
		9A0EE3341560A0E600E28C25 /* main.m */ = {isa = PBXFileReference; lastKnownFileType = sourcecode.c.objc; path = main.m; sourceTree = "<group>"; };
		9A0EE3361560A0E600E28C25 /* SurfaceMesh-Prefix.pch */ = {isa = PBXFileReference; lastKnownFileType = sourcecode.c.h; path = "SurfaceMesh-Prefix.pch"; sourceTree = "<group>"; };
		9A0EE3371560A0E600E28C25 /* AppDelegate.h */ = {isa = PBXFileReference; lastKnownFileType = sourcecode.c.h; path = AppDelegate.h; sourceTree = "<group>"; };
		9A0EE3381560A0E600E28C25 /* AppDelegate.m */ = {isa = PBXFileReference; lastKnownFileType = sourcecode.c.objc; path = AppDelegate.m; sourceTree = "<group>"; };
		9A0EE33A1560A0E600E28C25 /* Shader.fsh */ = {isa = PBXFileReference; lastKnownFileType = sourcecode.glsl; name = Shader.fsh; path = Shaders/Shader.fsh; sourceTree = "<group>"; };
		9A0EE33C1560A0E600E28C25 /* Shader.vsh */ = {isa = PBXFileReference; lastKnownFileType = sourcecode.glsl; name = Shader.vsh; path = Shaders/Shader.vsh; sourceTree = "<group>"; };
		9A0EE33E1560A0E600E28C25 /* ViewController.h */ = {isa = PBXFileReference; lastKnownFileType = sourcecode.c.h; path = ViewController.h; sourceTree = "<group>"; };
		9A0EE3421560A0E600E28C25 /* en */ = {isa = PBXFileReference; lastKnownFileType = file.xib; name = en; path = en.lproj/ViewController_iPhone.xib; sourceTree = "<group>"; };
		9A0EE3451560A0E600E28C25 /* en */ = {isa = PBXFileReference; lastKnownFileType = file.xib; name = en; path = en.lproj/ViewController_iPad.xib; sourceTree = "<group>"; };
		9A0EE34C1560A60700E28C25 /* honolulu.raw */ = {isa = PBXFileReference; fileEncoding = 4; lastKnownFileType = text; path = honolulu.raw; sourceTree = "<group>"; };
		9A0EE34E1560A69000E28C25 /* ViewController.mm */ = {isa = PBXFileReference; fileEncoding = 4; lastKnownFileType = sourcecode.cpp.objcpp; path = ViewController.mm; sourceTree = "<group>"; };
		9A0EE3501560A6AD00E28C25 /* Angel.h */ = {isa = PBXFileReference; fileEncoding = 4; lastKnownFileType = sourcecode.c.h; path = Angel.h; sourceTree = "<group>"; };
		9A0EE3511560A6AD00E28C25 /* mat.h */ = {isa = PBXFileReference; fileEncoding = 4; lastKnownFileType = sourcecode.c.h; path = mat.h; sourceTree = "<group>"; };
/* End PBXFileReference section */

/* Begin PBXFrameworksBuildPhase section */
		9A0EE31D1560A0E600E28C25 /* Frameworks */ = {
			isa = PBXFrameworksBuildPhase;
			buildActionMask = 2147483647;
			files = (
				9A0EE3251560A0E600E28C25 /* UIKit.framework in Frameworks */,
				9A0EE3271560A0E600E28C25 /* Foundation.framework in Frameworks */,
				9A0EE3291560A0E600E28C25 /* CoreGraphics.framework in Frameworks */,
				9A0EE32B1560A0E600E28C25 /* GLKit.framework in Frameworks */,
				9A0EE32D1560A0E600E28C25 /* OpenGLES.framework in Frameworks */,
			);
			runOnlyForDeploymentPostprocessing = 0;
		};
/* End PBXFrameworksBuildPhase section */

/* Begin PBXGroup section */
		9A0EE3151560A0E500E28C25 = {
			isa = PBXGroup;
			children = (
				9A0EE32E1560A0E600E28C25 /* SurfaceMesh */,
				9A0EE3231560A0E600E28C25 /* Frameworks */,
				9A0EE3211560A0E600E28C25 /* Products */,
			);
			sourceTree = "<group>";
		};
		9A0EE3211560A0E600E28C25 /* Products */ = {
			isa = PBXGroup;
			children = (
				9A0EE3201560A0E600E28C25 /* SurfaceMesh.app */,
			);
			name = Products;
			sourceTree = "<group>";
		};
		9A0EE3231560A0E600E28C25 /* Frameworks */ = {
			isa = PBXGroup;
			children = (
				9A0EE3241560A0E600E28C25 /* UIKit.framework */,
				9A0EE3261560A0E600E28C25 /* Foundation.framework */,
				9A0EE3281560A0E600E28C25 /* CoreGraphics.framework */,
				9A0EE32A1560A0E600E28C25 /* GLKit.framework */,
				9A0EE32C1560A0E600E28C25 /* OpenGLES.framework */,
			);
			name = Frameworks;
			sourceTree = "<group>";
		};
		9A0EE32E1560A0E600E28C25 /* SurfaceMesh */ = {
			isa = PBXGroup;
			children = (
				9A0EE3501560A6AD00E28C25 /* Angel.h */,
				9A0EE3511560A6AD00E28C25 /* mat.h */,
				9A0EE34E1560A69000E28C25 /* ViewController.mm */,
				9A0EE3371560A0E600E28C25 /* AppDelegate.h */,
				9A0EE3381560A0E600E28C25 /* AppDelegate.m */,
				9A0EE33A1560A0E600E28C25 /* Shader.fsh */,
				9A0EE33C1560A0E600E28C25 /* Shader.vsh */,
				9A0EE33E1560A0E600E28C25 /* ViewController.h */,
				9A0EE3411560A0E600E28C25 /* ViewController_iPhone.xib */,
				9A0EE3441560A0E600E28C25 /* ViewController_iPad.xib */,
				9A0EE32F1560A0E600E28C25 /* Supporting Files */,
			);
			path = SurfaceMesh;
			sourceTree = "<group>";
		};
		9A0EE32F1560A0E600E28C25 /* Supporting Files */ = {
			isa = PBXGroup;
			children = (
				9A0EE34C1560A60700E28C25 /* honolulu.raw */,
				9A0EE3301560A0E600E28C25 /* SurfaceMesh-Info.plist */,
				9A0EE3311560A0E600E28C25 /* InfoPlist.strings */,
				9A0EE3341560A0E600E28C25 /* main.m */,
				9A0EE3361560A0E600E28C25 /* SurfaceMesh-Prefix.pch */,
			);
			name = "Supporting Files";
			sourceTree = "<group>";
		};
/* End PBXGroup section */

/* Begin PBXNativeTarget section */
		9A0EE31F1560A0E600E28C25 /* SurfaceMesh */ = {
			isa = PBXNativeTarget;
			buildConfigurationList = 9A0EE3491560A0E600E28C25 /* Build configuration list for PBXNativeTarget "SurfaceMesh" */;
			buildPhases = (
				9A0EE31C1560A0E600E28C25 /* Sources */,
				9A0EE31D1560A0E600E28C25 /* Frameworks */,
				9A0EE31E1560A0E600E28C25 /* Resources */,
			);
			buildRules = (
			);
			dependencies = (
			);
			name = SurfaceMesh;
			productName = SurfaceMesh;
			productReference = 9A0EE3201560A0E600E28C25 /* SurfaceMesh.app */;
			productType = "com.apple.product-type.application";
		};
/* End PBXNativeTarget section */

/* Begin PBXProject section */
		9A0EE3171560A0E500E28C25 /* Project object */ = {
			isa = PBXProject;
			attributes = {
				LastUpgradeCheck = 0420;
			};
			buildConfigurationList = 9A0EE31A1560A0E500E28C25 /* Build configuration list for PBXProject "SurfaceMesh" */;
			compatibilityVersion = "Xcode 3.2";
			developmentRegion = English;
			hasScannedForEncodings = 0;
			knownRegions = (
				en,
			);
			mainGroup = 9A0EE3151560A0E500E28C25;
			productRefGroup = 9A0EE3211560A0E600E28C25 /* Products */;
			projectDirPath = "";
			projectRoot = "";
			targets = (
				9A0EE31F1560A0E600E28C25 /* SurfaceMesh */,
			);
		};
/* End PBXProject section */

/* Begin PBXResourcesBuildPhase section */
		9A0EE31E1560A0E600E28C25 /* Resources */ = {
			isa = PBXResourcesBuildPhase;
			buildActionMask = 2147483647;
			files = (
				9A0EE3331560A0E600E28C25 /* InfoPlist.strings in Resources */,
				9A0EE33B1560A0E600E28C25 /* Shader.fsh in Resources */,
				9A0EE33D1560A0E600E28C25 /* Shader.vsh in Resources */,
				9A0EE3431560A0E600E28C25 /* ViewController_iPhone.xib in Resources */,
				9A0EE3461560A0E600E28C25 /* ViewController_iPad.xib in Resources */,
				9A0EE34D1560A60700E28C25 /* honolulu.raw in Resources */,
			);
			runOnlyForDeploymentPostprocessing = 0;
		};
/* End PBXResourcesBuildPhase section */

/* Begin PBXSourcesBuildPhase section */
		9A0EE31C1560A0E600E28C25 /* Sources */ = {
			isa = PBXSourcesBuildPhase;
			buildActionMask = 2147483647;
			files = (
				9A0EE3351560A0E600E28C25 /* main.m in Sources */,
				9A0EE3391560A0E600E28C25 /* AppDelegate.m in Sources */,
				9A0EE34F1560A69000E28C25 /* ViewController.mm in Sources */,
			);
			runOnlyForDeploymentPostprocessing = 0;
		};
/* End PBXSourcesBuildPhase section */

/* Begin PBXVariantGroup section */
		9A0EE3311560A0E600E28C25 /* InfoPlist.strings */ = {
			isa = PBXVariantGroup;
			children = (
				9A0EE3321560A0E600E28C25 /* en */,
			);
			name = InfoPlist.strings;
			sourceTree = "<group>";
		};
		9A0EE3411560A0E600E28C25 /* ViewController_iPhone.xib */ = {
			isa = PBXVariantGroup;
			children = (
				9A0EE3421560A0E600E28C25 /* en */,
			);
			name = ViewController_iPhone.xib;
			sourceTree = "<group>";
		};
		9A0EE3441560A0E600E28C25 /* ViewController_iPad.xib */ = {
			isa = PBXVariantGroup;
			children = (
				9A0EE3451560A0E600E28C25 /* en */,
			);
			name = ViewController_iPad.xib;
			sourceTree = "<group>";
		};
/* End PBXVariantGroup section */

/* Begin XCBuildConfiguration section */
		9A0EE3471560A0E600E28C25 /* Debug */ = {
			isa = XCBuildConfiguration;
			buildSettings = {
				ALWAYS_SEARCH_USER_PATHS = NO;
				ARCHS = "$(ARCHS_STANDARD_32_BIT)";
				CLANG_ENABLE_OBJC_ARC = YES;
				"CODE_SIGN_IDENTITY[sdk=iphoneos*]" = "iPhone Developer";
				COPY_PHASE_STRIP = NO;
				GCC_C_LANGUAGE_STANDARD = gnu99;
				GCC_DYNAMIC_NO_PIC = NO;
				GCC_OPTIMIZATION_LEVEL = 0;
				GCC_PREPROCESSOR_DEFINITIONS = (
					"DEBUG=1",
					"$(inherited)",
				);
				GCC_SYMBOLS_PRIVATE_EXTERN = NO;
				GCC_VERSION = com.apple.compilers.llvm.clang.1_0;
				GCC_WARN_ABOUT_MISSING_PROTOTYPES = YES;
				GCC_WARN_ABOUT_RETURN_TYPE = YES;
				GCC_WARN_UNUSED_VARIABLE = YES;
				IPHONEOS_DEPLOYMENT_TARGET = 5.0;
				SDKROOT = iphoneos;
				TARGETED_DEVICE_FAMILY = "1,2";
			};
			name = Debug;
		};
		9A0EE3481560A0E600E28C25 /* Release */ = {
			isa = XCBuildConfiguration;
			buildSettings = {
				ALWAYS_SEARCH_USER_PATHS = NO;
				ARCHS = "$(ARCHS_STANDARD_32_BIT)";
				CLANG_ENABLE_OBJC_ARC = YES;
				"CODE_SIGN_IDENTITY[sdk=iphoneos*]" = "iPhone Developer";
				COPY_PHASE_STRIP = YES;
				GCC_C_LANGUAGE_STANDARD = gnu99;
				GCC_VERSION = com.apple.compilers.llvm.clang.1_0;
				GCC_WARN_ABOUT_MISSING_PROTOTYPES = YES;
				GCC_WARN_ABOUT_RETURN_TYPE = YES;
				GCC_WARN_UNUSED_VARIABLE = YES;
				IPHONEOS_DEPLOYMENT_TARGET = 5.0;
				OTHER_CFLAGS = "-DNS_BLOCK_ASSERTIONS=1";
				SDKROOT = iphoneos;
				TARGETED_DEVICE_FAMILY = "1,2";
				VALIDATE_PRODUCT = YES;
			};
			name = Release;
		};
		9A0EE34A1560A0E600E28C25 /* Debug */ = {
			isa = XCBuildConfiguration;
			buildSettings = {
				GCC_PRECOMPILE_PREFIX_HEADER = YES;
				GCC_PREFIX_HEADER = "SurfaceMesh/SurfaceMesh-Prefix.pch";
				"GCC_THUMB_SUPPORT[arch=armv6]" = "";
				INFOPLIST_FILE = "SurfaceMesh/SurfaceMesh-Info.plist";
				PRODUCT_NAME = "$(TARGET_NAME)";
				WRAPPER_EXTENSION = app;
			};
			name = Debug;
		};
		9A0EE34B1560A0E600E28C25 /* Release */ = {
			isa = XCBuildConfiguration;
			buildSettings = {
				GCC_PRECOMPILE_PREFIX_HEADER = YES;
				GCC_PREFIX_HEADER = "SurfaceMesh/SurfaceMesh-Prefix.pch";
				"GCC_THUMB_SUPPORT[arch=armv6]" = "";
				INFOPLIST_FILE = "SurfaceMesh/SurfaceMesh-Info.plist";
				PRODUCT_NAME = "$(TARGET_NAME)";
				WRAPPER_EXTENSION = app;
			};
			name = Release;
		};
/* End XCBuildConfiguration section */

/* Begin XCConfigurationList section */
		9A0EE31A1560A0E500E28C25 /* Build configuration list for PBXProject "SurfaceMesh" */ = {
			isa = XCConfigurationList;
			buildConfigurations = (
				9A0EE3471560A0E600E28C25 /* Debug */,
				9A0EE3481560A0E600E28C25 /* Release */,
			);
			defaultConfigurationIsVisible = 0;
			defaultConfigurationName = Release;
		};
		9A0EE3491560A0E600E28C25 /* Build configuration list for PBXNativeTarget "SurfaceMesh" */ = {
			isa = XCConfigurationList;
			buildConfigurations = (
				9A0EE34A1560A0E600E28C25 /* Debug */,
				9A0EE34B1560A0E600E28C25 /* Release */,
			);
			defaultConfigurationIsVisible = 0;
		};
/* End XCConfigurationList section */
	};
	rootObject = 9A0EE3171560A0E500E28C25 /* Project object */;
}
